
Microsoft Visual Studio Solution File, Format Version 12.00
# Visual Studio Version 17
VisualStudioVersion = 17.10.35013.160
MinimumVisualStudioVersion = 10.0.40219.1
Project("{FAE04EC0-301F-11D3-BF4B-00C04F79EFBC}") = "POCCookiesMVC", "POCCookiesMVC\POCCookiesMVC.csproj", "{37981251-EEC8-4A56-B767-7C94BC8F49B5}"
EndProject
Global
	GlobalSection(SolutionConfigurationPlatforms) = preSolution
		Debug|Any CPU = Debug|Any CPU
		Release|Any CPU = Release|Any CPU
	EndGlobalSection
	GlobalSection(ProjectConfigurationPlatforms) = postSolution
		{37981251-EEC8-4A56-B767-7C94BC8F49B5}.Debug|Any CPU.ActiveCfg = Debug|Any CPU
		{37981251-EEC8-4A56-B767-7C94BC8F49B5}.Debug|Any CPU.Build.0 = Debug|Any CPU
		{37981251-EEC8-4A56-B767-7C94BC8F49B5}.Release|Any CPU.ActiveCfg = Release|Any CPU
		{37981251-EEC8-4A56-B767-7C94BC8F49B5}.Release|Any CPU.Build.0 = Release|Any CPU
	EndGlobalSection
	GlobalSection(SolutionProperties) = preSolution
		HideSolutionNode = FALSE
	EndGlobalSection
	GlobalSection(ExtensibilityGlobals) = postSolution
		SolutionGuid = {43775946-41BC-4A2F-A9EB-D925D42029DF}
	EndGlobalSection
EndGlobal
